
Microsoft Visual Studio Solution File, Format Version 12.00
# Visual Studio Version 17
VisualStudioVersion = 17.2.32516.85
MinimumVisualStudioVersion = 10.0.40219.1
Project("{FAE04EC0-301F-11D3-BF4B-00C04F79EFBC}") = "ktsms", "ktsms\ktsms.csproj", "{F5D58D70-CF51-4036-B631-6917C45E5DE4}"
EndProject
Global
	GlobalSection(SolutionConfigurationPlatforms) = preSolution
		Debug|Any CPU = Debug|Any CPU
		Release|Any CPU = Release|Any CPU
	EndGlobalSection
	GlobalSection(ProjectConfigurationPlatforms) = postSolution
		{F5D58D70-CF51-4036-B631-6917C45E5DE4}.Debug|Any CPU.ActiveCfg = Debug|Any CPU
		{F5D58D70-CF51-4036-B631-6917C45E5DE4}.Debug|Any CPU.Build.0 = Debug|Any CPU
		{F5D58D70-CF51-4036-B631-6917C45E5DE4}.Release|Any CPU.ActiveCfg = Release|Any CPU
		{F5D58D70-CF51-4036-B631-6917C45E5DE4}.Release|Any CPU.Build.0 = Release|Any CPU
	EndGlobalSection
	GlobalSection(SolutionProperties) = preSolution
		HideSolutionNode = FALSE
	EndGlobalSection
	GlobalSection(ExtensibilityGlobals) = postSolution
		SolutionGuid = {E3D523EB-8F73-4012-8648-6AB7AE851899}
	EndGlobalSection
EndGlobal
